
Microsoft Visual Studio Solution File, Format Version 12.00
# Visual Studio Version 17
VisualStudioVersion = 17.0.31903.59
MinimumVisualStudioVersion = 10.0.40219.1
Project("{2150E333-8FDC-42A3-9474-1A3956D46DE8}") = "BuildingBlocks", "BuildingBlocks", "{F00E1F48-EA79-4315-8200-2CE444916758}"
EndProject
Project("{2150E333-8FDC-42A3-9474-1A3956D46DE8}") = "Identity", "Identity", "{EADB0F52-74D8-4BC0-8027-CA4877977351}"
EndProject
Project("{2150E333-8FDC-42A3-9474-1A3956D46DE8}") = "Catalog", "Catalog", "{66576F7F-6602-4307-9ADB-0B38BCAE04BE}"
EndProject
Project("{2150E333-8FDC-42A3-9474-1A3956D46DE8}") = "Inventory", "Inventory", "{CBEE325B-33BC-476B-AAF8-6D51F381DB00}"
EndProject
Project("{2150E333-8FDC-42A3-9474-1A3956D46DE8}") = "Basket", "Basket", "{42CBB236-48B4-4237-8835-28F19DE33E2F}"
EndProject
Project("{2150E333-8FDC-42A3-9474-1A3956D46DE8}") = "Ordering", "Ordering", "{E44CFE3B-19E0-4AA3-A175-69990A89E04F}"
EndProject
Project("{2150E333-8FDC-42A3-9474-1A3956D46DE8}") = "Notification", "Notification", "{16202946-152E-4EAF-87BC-322953BCDB6C}"
EndProject
Project("{9A19103F-16F7-4668-BE54-9A1E7A4F7556}") = "SharedKernel", "src\BuildingBlocks\SharedKernel\SharedKernel.csproj", "{3A12A12C-4240-43DD-BF71-C8F11E3750C2}"
EndProject
Project("{9A19103F-16F7-4668-BE54-9A1E7A4F7556}") = "EventBus.Messages", "src\BuildingBlocks\EventBus.Messages\EventBus.Messages.csproj", "{0E905164-0D2F-4F20-AF1B-30D4F9A57BDD}"
EndProject
Project("{9A19103F-16F7-4668-BE54-9A1E7A4F7556}") = "Identity.Domain", "src\Services\Identity\Identity.Domain\Identity.Domain.csproj", "{69903467-E7A8-4043-BC3E-AAD6EF0F6878}"
EndProject
Project("{9A19103F-16F7-4668-BE54-9A1E7A4F7556}") = "Identity.Application", "src\Services\Identity\Identity.Application\Identity.Application.csproj", "{101A3675-8581-423F-AB81-C406377A8DD7}"
EndProject
Project("{9A19103F-16F7-4668-BE54-9A1E7A4F7556}") = "Identity.Infrastructure", "src\Services\Identity\Identity.Infrastructure\Identity.Infrastructure.csproj", "{0FCB9660-1F05-492C-A9A9-6DAFAA9115D0}"
EndProject
Project("{9A19103F-16F7-4668-BE54-9A1E7A4F7556}") = "Identity.Api", "src\Services\Identity\Identity.Api\Identity.Api.csproj", "{1F3DDF06-6CEC-40E5-B8D4-8D89FBCBAF03}"
EndProject
Project("{9A19103F-16F7-4668-BE54-9A1E7A4F7556}") = "Catalog.Domain", "src\Services\Catalog\Catalog.Domain\Catalog.Domain.csproj", "{AD24C904-1923-40F0-8105-F59F87B325D3}"
EndProject
Project("{9A19103F-16F7-4668-BE54-9A1E7A4F7556}") = "Catalog.Application", "src\Services\Catalog\Catalog.Application\Catalog.Application.csproj", "{3C9B884E-FD09-4868-835D-CF4A43C35F44}"
EndProject
Project("{9A19103F-16F7-4668-BE54-9A1E7A4F7556}") = "Catalog.Infrastructure", "src\Services\Catalog\Catalog.Infrastructure\Catalog.Infrastructure.csproj", "{F3BB66AD-9FC9-4B58-942E-D515165C288D}"
EndProject
Project("{9A19103F-16F7-4668-BE54-9A1E7A4F7556}") = "Catalog.Api", "src\Services\Catalog\Catalog.Api\Catalog.Api.csproj", "{88692556-9DA8-41C2-A7DF-4B65B3B4D401}"
EndProject
Project("{9A19103F-16F7-4668-BE54-9A1E7A4F7556}") = "Inventory.Domain", "src\Services\Inventory\Inventory.Domain\Inventory.Domain.csproj", "{360850D0-8080-4804-9197-9BFF7F83C5F6}"
EndProject
Project("{9A19103F-16F7-4668-BE54-9A1E7A4F7556}") = "Inventory.Application", "src\Services\Inventory\Inventory.Application\Inventory.Application.csproj", "{5F67861E-92A2-4526-A822-755E5A2DC048}"
EndProject
Project("{9A19103F-16F7-4668-BE54-9A1E7A4F7556}") = "Inventory.Infrastructure", "src\Services\Inventory\Inventory.Infrastructure\Inventory.Infrastructure.csproj", "{1490497D-FA9A-41E6-9DC6-CB695CF429C4}"
EndProject
Project("{9A19103F-16F7-4668-BE54-9A1E7A4F7556}") = "Inventory.Api", "src\Services\Inventory\Inventory.Api\Inventory.Api.csproj", "{1F0BBA38-7E9D-4222-88F3-942E3662BA21}"
EndProject
Project("{9A19103F-16F7-4668-BE54-9A1E7A4F7556}") = "Basket.Domain", "src\Services\Basket\Basket.Domain\Basket.Domain.csproj", "{6F21C560-C81B-4B60-8464-4BADB4403FF0}"
EndProject
Project("{9A19103F-16F7-4668-BE54-9A1E7A4F7556}") = "Basket.Application", "src\Services\Basket\Basket.Application\Basket.Application.csproj", "{794C8CF5-9C2C-4F00-9C4A-E599400D155F}"
EndProject
Project("{9A19103F-16F7-4668-BE54-9A1E7A4F7556}") = "Basket.Infrastructure", "src\Services\Basket\Basket.Infrastructure\Basket.Infrastructure.csproj", "{3C7459A2-3678-4557-AB7F-C5BC9D06B2F0}"
EndProject
Project("{9A19103F-16F7-4668-BE54-9A1E7A4F7556}") = "Basket.Api", "src\Services\Basket\Basket.Api\Basket.Api.csproj", "{E4B6D530-9F90-4E86-8772-FEF9F583944A}"
EndProject
Project("{9A19103F-16F7-4668-BE54-9A1E7A4F7556}") = "Ordering.Domain", "src\Services\Ordering\Ordering.Domain\Ordering.Domain.csproj", "{29B96A05-84A4-40F2-A570-CC7D60BB6A93}"
EndProject
Project("{9A19103F-16F7-4668-BE54-9A1E7A4F7556}") = "Ordering.Application", "src\Services\Ordering\Ordering.Application\Ordering.Application.csproj", "{BB19F2B2-6B5D-44FF-B2E3-689AD1F59265}"
EndProject
Project("{9A19103F-16F7-4668-BE54-9A1E7A4F7556}") = "Ordering.Infrastructure", "src\Services\Ordering\Ordering.Infrastructure\Ordering.Infrastructure.csproj", "{88BDAF21-AFDD-4618-91D5-52ED4C2DE446}"
EndProject
Project("{9A19103F-16F7-4668-BE54-9A1E7A4F7556}") = "Ordering.Api", "src\Services\Ordering\Ordering.Api\Ordering.Api.csproj", "{1B862D61-808E-42B3-A42A-963175591BC9}"
EndProject
Project("{9A19103F-16F7-4668-BE54-9A1E7A4F7556}") = "Notification.Domain", "src\Services\Notification\Notification.Domain\Notification.Domain.csproj", "{3CB98247-A6E8-495F-8B9A-4C48463FB08A}"
EndProject
Project("{9A19103F-16F7-4668-BE54-9A1E7A4F7556}") = "Notification.Application", "src\Services\Notification\Notification.Application\Notification.Application.csproj", "{D1B46939-B7FE-471B-B9AE-FE35CDF8AD52}"
EndProject
Project("{9A19103F-16F7-4668-BE54-9A1E7A4F7556}") = "Notification.Infrastructure", "src\Services\Notification\Notification.Infrastructure\Notification.Infrastructure.csproj", "{46F7937C-282C-49CA-BD5C-3FA402DCDD1A}"
EndProject
Project("{9A19103F-16F7-4668-BE54-9A1E7A4F7556}") = "Notification.Api", "src\Services\Notification\Notification.Api\Notification.Api.csproj", "{A8D4AC91-C1E8-4B4D-8C14-3407B933B2EF}"
EndProject
Global
	GlobalSection(SolutionConfigurationPlatforms) = preSolution
		Debug|Any CPU = Debug|Any CPU
		Release|Any CPU = Release|Any CPU
	EndGlobalSection
	GlobalSection(ProjectConfigurationPlatforms) = postSolution
		{3A12A12C-4240-43DD-BF71-C8F11E3750C2}.Debug|Any CPU.ActiveCfg = Debug|Any CPU
		{3A12A12C-4240-43DD-BF71-C8F11E3750C2}.Debug|Any CPU.Build.0 = Debug|Any CPU
		{3A12A12C-4240-43DD-BF71-C8F11E3750C2}.Release|Any CPU.ActiveCfg = Release|Any CPU
		{3A12A12C-4240-43DD-BF71-C8F11E3750C2}.Release|Any CPU.Build.0 = Release|Any CPU
		{0E905164-0D2F-4F20-AF1B-30D4F9A57BDD}.Debug|Any CPU.ActiveCfg = Debug|Any CPU
		{0E905164-0D2F-4F20-AF1B-30D4F9A57BDD}.Debug|Any CPU.Build.0 = Debug|Any CPU
		{0E905164-0D2F-4F20-AF1B-30D4F9A57BDD}.Release|Any CPU.ActiveCfg = Release|Any CPU
		{0E905164-0D2F-4F20-AF1B-30D4F9A57BDD}.Release|Any CPU.Build.0 = Release|Any CPU
		{69903467-E7A8-4043-BC3E-AAD6EF0F6878}.Debug|Any CPU.ActiveCfg = Debug|Any CPU
		{69903467-E7A8-4043-BC3E-AAD6EF0F6878}.Debug|Any CPU.Build.0 = Debug|Any CPU
		{69903467-E7A8-4043-BC3E-AAD6EF0F6878}.Release|Any CPU.ActiveCfg = Release|Any CPU
		{69903467-E7A8-4043-BC3E-AAD6EF0F6878}.Release|Any CPU.Build.0 = Release|Any CPU
		{101A3675-8581-423F-AB81-C406377A8DD7}.Debug|Any CPU.ActiveCfg = Debug|Any CPU
		{101A3675-8581-423F-AB81-C406377A8DD7}.Debug|Any CPU.Build.0 = Debug|Any CPU
		{101A3675-8581-423F-AB81-C406377A8DD7}.Release|Any CPU.ActiveCfg = Release|Any CPU
		{101A3675-8581-423F-AB81-C406377A8DD7}.Release|Any CPU.Build.0 = Release|Any CPU
		{0FCB9660-1F05-492C-A9A9-6DAFAA9115D0}.Debug|Any CPU.ActiveCfg = Debug|Any CPU
		{0FCB9660-1F05-492C-A9A9-6DAFAA9115D0}.Debug|Any CPU.Build.0 = Debug|Any CPU
		{0FCB9660-1F05-492C-A9A9-6DAFAA9115D0}.Release|Any CPU.ActiveCfg = Release|Any CPU
		{0FCB9660-1F05-492C-A9A9-6DAFAA9115D0}.Release|Any CPU.Build.0 = Release|Any CPU
		{1F3DDF06-6CEC-40E5-B8D4-8D89FBCBAF03}.Debug|Any CPU.ActiveCfg = Debug|Any CPU
		{1F3DDF06-6CEC-40E5-B8D4-8D89FBCBAF03}.Debug|Any CPU.Build.0 = Debug|Any CPU
		{1F3DDF06-6CEC-40E5-B8D4-8D89FBCBAF03}.Release|Any CPU.ActiveCfg = Release|Any CPU
		{1F3DDF06-6CEC-40E5-B8D4-8D89FBCBAF03}.Release|Any CPU.Build.0 = Release|Any CPU
		{AD24C904-1923-40F0-8105-F59F87B325D3}.Debug|Any CPU.ActiveCfg = Debug|Any CPU
		{AD24C904-1923-40F0-8105-F59F87B325D3}.Debug|Any CPU.Build.0 = Debug|Any CPU
		{AD24C904-1923-40F0-8105-F59F87B325D3}.Release|Any CPU.ActiveCfg = Release|Any CPU
		{AD24C904-1923-40F0-8105-F59F87B325D3}.Release|Any CPU.Build.0 = Release|Any CPU
		{3C9B884E-FD09-4868-835D-CF4A43C35F44}.Debug|Any CPU.ActiveCfg = Debug|Any CPU
		{3C9B884E-FD09-4868-835D-CF4A43C35F44}.Debug|Any CPU.Build.0 = Debug|Any CPU
		{3C9B884E-FD09-4868-835D-CF4A43C35F44}.Release|Any CPU.ActiveCfg = Release|Any CPU
		{3C9B884E-FD09-4868-835D-CF4A43C35F44}.Release|Any CPU.Build.0 = Release|Any CPU
		{F3BB66AD-9FC9-4B58-942E-D515165C288D}.Debug|Any CPU.ActiveCfg = Debug|Any CPU
		{F3BB66AD-9FC9-4B58-942E-D515165C288D}.Debug|Any CPU.Build.0 = Debug|Any CPU
		{F3BB66AD-9FC9-4B58-942E-D515165C288D}.Release|Any CPU.ActiveCfg = Release|Any CPU
		{F3BB66AD-9FC9-4B58-942E-D515165C288D}.Release|Any CPU.Build.0 = Release|Any CPU
		{88692556-9DA8-41C2-A7DF-4B65B3B4D401}.Debug|Any CPU.ActiveCfg = Debug|Any CPU
		{88692556-9DA8-41C2-A7DF-4B65B3B4D401}.Debug|Any CPU.Build.0 = Debug|Any CPU
		{88692556-9DA8-41C2-A7DF-4B65B3B4D401}.Release|Any CPU.ActiveCfg = Release|Any CPU
		{88692556-9DA8-41C2-A7DF-4B65B3B4D401}.Release|Any CPU.Build.0 = Release|Any CPU
		{360850D0-8080-4804-9197-9BFF7F83C5F6}.Debug|Any CPU.ActiveCfg = Debug|Any CPU
		{360850D0-8080-4804-9197-9BFF7F83C5F6}.Debug|Any CPU.Build.0 = Debug|Any CPU
		{360850D0-8080-4804-9197-9BFF7F83C5F6}.Release|Any CPU.ActiveCfg = Release|Any CPU
		{360850D0-8080-4804-9197-9BFF7F83C5F6}.Release|Any CPU.Build.0 = Release|Any CPU
		{5F67861E-92A2-4526-A822-755E5A2DC048}.Debug|Any CPU.ActiveCfg = Debug|Any CPU
		{5F67861E-92A2-4526-A822-755E5A2DC048}.Debug|Any CPU.Build.0 = Debug|Any CPU
		{5F67861E-92A2-4526-A822-755E5A2DC048}.Release|Any CPU.ActiveCfg = Release|Any CPU
		{5F67861E-92A2-4526-A822-755E5A2DC048}.Release|Any CPU.Build.0 = Release|Any CPU
		{1490497D-FA9A-41E6-9DC6-CB695CF429C4}.Debug|Any CPU.ActiveCfg = Debug|Any CPU
		{1490497D-FA9A-41E6-9DC6-CB695CF429C4}.Debug|Any CPU.Build.0 = Debug|Any CPU
		{1490497D-FA9A-41E6-9DC6-CB695CF429C4}.Release|Any CPU.ActiveCfg = Release|Any CPU
		{1490497D-FA9A-41E6-9DC6-CB695CF429C4}.Release|Any CPU.Build.0 = Release|Any CPU
		{1F0BBA38-7E9D-4222-88F3-942E3662BA21}.Debug|Any CPU.ActiveCfg = Debug|Any CPU
		{1F0BBA38-7E9D-4222-88F3-942E3662BA21}.Debug|Any CPU.Build.0 = Debug|Any CPU
		{1F0BBA38-7E9D-4222-88F3-942E3662BA21}.Release|Any CPU.ActiveCfg = Release|Any CPU
		{1F0BBA38-7E9D-4222-88F3-942E3662BA21}.Release|Any CPU.Build.0 = Release|Any CPU
		{6F21C560-C81B-4B60-8464-4BADB4403FF0}.Debug|Any CPU.ActiveCfg = Debug|Any CPU
		{6F21C560-C81B-4B60-8464-4BADB4403FF0}.Debug|Any CPU.Build.0 = Debug|Any CPU
		{6F21C560-C81B-4B60-8464-4BADB4403FF0}.Release|Any CPU.ActiveCfg = Release|Any CPU
		{6F21C560-C81B-4B60-8464-4BADB4403FF0}.Release|Any CPU.Build.0 = Release|Any CPU
		{794C8CF5-9C2C-4F00-9C4A-E599400D155F}.Debug|Any CPU.ActiveCfg = Debug|Any CPU
		{794C8CF5-9C2C-4F00-9C4A-E599400D155F}.Debug|Any CPU.Build.0 = Debug|Any CPU
		{794C8CF5-9C2C-4F00-9C4A-E599400D155F}.Release|Any CPU.ActiveCfg = Release|Any CPU
		{794C8CF5-9C2C-4F00-9C4A-E599400D155F}.Release|Any CPU.Build.0 = Release|Any CPU
		{3C7459A2-3678-4557-AB7F-C5BC9D06B2F0}.Debug|Any CPU.ActiveCfg = Debug|Any CPU
		{3C7459A2-3678-4557-AB7F-C5BC9D06B2F0}.Debug|Any CPU.Build.0 = Debug|Any CPU
		{3C7459A2-3678-4557-AB7F-C5BC9D06B2F0}.Release|Any CPU.ActiveCfg = Release|Any CPU
		{3C7459A2-3678-4557-AB7F-C5BC9D06B2F0}.Release|Any CPU.Build.0 = Release|Any CPU
		{E4B6D530-9F90-4E86-8772-FEF9F583944A}.Debug|Any CPU.ActiveCfg = Debug|Any CPU
		{E4B6D530-9F90-4E86-8772-FEF9F583944A}.Debug|Any CPU.Build.0 = Debug|Any CPU
		{E4B6D530-9F90-4E86-8772-FEF9F583944A}.Release|Any CPU.ActiveCfg = Release|Any CPU
		{E4B6D530-9F90-4E86-8772-FEF9F583944A}.Release|Any CPU.Build.0 = Release|Any CPU
		{29B96A05-84A4-40F2-A570-CC7D60BB6A93}.Debug|Any CPU.ActiveCfg = Debug|Any CPU
		{29B96A05-84A4-40F2-A570-CC7D60BB6A93}.Debug|Any CPU.Build.0 = Debug|Any CPU
		{29B96A05-84A4-40F2-A570-CC7D60BB6A93}.Release|Any CPU.ActiveCfg = Release|Any CPU
		{29B96A05-84A4-40F2-A570-CC7D60BB6A93}.Release|Any CPU.Build.0 = Release|Any CPU
		{BB19F2B2-6B5D-44FF-B2E3-689AD1F59265}.Debug|Any CPU.ActiveCfg = Debug|Any CPU
		{BB19F2B2-6B5D-44FF-B2E3-689AD1F59265}.Debug|Any CPU.Build.0 = Debug|Any CPU
		{BB19F2B2-6B5D-44FF-B2E3-689AD1F59265}.Release|Any CPU.ActiveCfg = Release|Any CPU
		{BB19F2B2-6B5D-44FF-B2E3-689AD1F59265}.Release|Any CPU.Build.0 = Release|Any CPU
		{88BDAF21-AFDD-4618-91D5-52ED4C2DE446}.Debug|Any CPU.ActiveCfg = Debug|Any CPU
		{88BDAF21-AFDD-4618-91D5-52ED4C2DE446}.Debug|Any CPU.Build.0 = Debug|Any CPU
		{88BDAF21-AFDD-4618-91D5-52ED4C2DE446}.Release|Any CPU.ActiveCfg = Release|Any CPU
		{88BDAF21-AFDD-4618-91D5-52ED4C2DE446}.Release|Any CPU.Build.0 = Release|Any CPU
		{1B862D61-808E-42B3-A42A-963175591BC9}.Debug|Any CPU.ActiveCfg = Debug|Any CPU
		{1B862D61-808E-42B3-A42A-963175591BC9}.Debug|Any CPU.Build.0 = Debug|Any CPU
		{1B862D61-808E-42B3-A42A-963175591BC9}.Release|Any CPU.ActiveCfg = Release|Any CPU
		{1B862D61-808E-42B3-A42A-963175591BC9}.Release|Any CPU.Build.0 = Release|Any CPU
		{3CB98247-A6E8-495F-8B9A-4C48463FB08A}.Debug|Any CPU.ActiveCfg = Debug|Any CPU
		{3CB98247-A6E8-495F-8B9A-4C48463FB08A}.Debug|Any CPU.Build.0 = Debug|Any CPU
		{3CB98247-A6E8-495F-8B9A-4C48463FB08A}.Release|Any CPU.ActiveCfg = Release|Any CPU
		{3CB98247-A6E8-495F-8B9A-4C48463FB08A}.Release|Any CPU.Build.0 = Release|Any CPU
		{D1B46939-B7FE-471B-B9AE-FE35CDF8AD52}.Debug|Any CPU.ActiveCfg = Debug|Any CPU
		{D1B46939-B7FE-471B-B9AE-FE35CDF8AD52}.Debug|Any CPU.Build.0 = Debug|Any CPU
		{D1B46939-B7FE-471B-B9AE-FE35CDF8AD52}.Release|Any CPU.ActiveCfg = Release|Any CPU
		{D1B46939-B7FE-471B-B9AE-FE35CDF8AD52}.Release|Any CPU.Build.0 = Release|Any CPU
		{46F7937C-282C-49CA-BD5C-3FA402DCDD1A}.Debug|Any CPU.ActiveCfg = Debug|Any CPU
		{46F7937C-282C-49CA-BD5C-3FA402DCDD1A}.Debug|Any CPU.Build.0 = Debug|Any CPU
		{46F7937C-282C-49CA-BD5C-3FA402DCDD1A}.Release|Any CPU.ActiveCfg = Release|Any CPU
		{46F7937C-282C-49CA-BD5C-3FA402DCDD1A}.Release|Any CPU.Build.0 = Release|Any CPU
		{A8D4AC91-C1E8-4B4D-8C14-3407B933B2EF}.Debug|Any CPU.ActiveCfg = Debug|Any CPU
		{A8D4AC91-C1E8-4B4D-8C14-3407B933B2EF}.Debug|Any CPU.Build.0 = Debug|Any CPU
		{A8D4AC91-C1E8-4B4D-8C14-3407B933B2EF}.Release|Any CPU.ActiveCfg = Release|Any CPU
		{A8D4AC91-C1E8-4B4D-8C14-3407B933B2EF}.Release|Any CPU.Build.0 = Release|Any CPU
	EndGlobalSection
	GlobalSection(NestedProjects) = preSolution
		{3A12A12C-4240-43DD-BF71-C8F11E3750C2} = {F00E1F48-EA79-4315-8200-2CE444916758}
		{0E905164-0D2F-4F20-AF1B-30D4F9A57BDD} = {F00E1F48-EA79-4315-8200-2CE444916758}
		{69903467-E7A8-4043-BC3E-AAD6EF0F6878} = {EADB0F52-74D8-4BC0-8027-CA4877977351}
		{101A3675-8581-423F-AB81-C406377A8DD7} = {EADB0F52-74D8-4BC0-8027-CA4877977351}
		{0FCB9660-1F05-492C-A9A9-6DAFAA9115D0} = {EADB0F52-74D8-4BC0-8027-CA4877977351}
		{1F3DDF06-6CEC-40E5-B8D4-8D89FBCBAF03} = {EADB0F52-74D8-4BC0-8027-CA4877977351}
		{AD24C904-1923-40F0-8105-F59F87B325D3} = {66576F7F-6602-4307-9ADB-0B38BCAE04BE}
		{3C9B884E-FD09-4868-835D-CF4A43C35F44} = {66576F7F-6602-4307-9ADB-0B38BCAE04BE}
		{F3BB66AD-9FC9-4B58-942E-D515165C288D} = {66576F7F-6602-4307-9ADB-0B38BCAE04BE}
		{88692556-9DA8-41C2-A7DF-4B65B3B4D401} = {66576F7F-6602-4307-9ADB-0B38BCAE04BE}
		{360850D0-8080-4804-9197-9BFF7F83C5F6} = {CBEE325B-33BC-476B-AAF8-6D51F381DB00}
		{5F67861E-92A2-4526-A822-755E5A2DC048} = {CBEE325B-33BC-476B-AAF8-6D51F381DB00}
		{1490497D-FA9A-41E6-9DC6-CB695CF429C4} = {CBEE325B-33BC-476B-AAF8-6D51F381DB00}
		{1F0BBA38-7E9D-4222-88F3-942E3662BA21} = {CBEE325B-33BC-476B-AAF8-6D51F381DB00}
		{6F21C560-C81B-4B60-8464-4BADB4403FF0} = {42CBB236-48B4-4237-8835-28F19DE33E2F}
		{794C8CF5-9C2C-4F00-9C4A-E599400D155F} = {42CBB236-48B4-4237-8835-28F19DE33E2F}
		{3C7459A2-3678-4557-AB7F-C5BC9D06B2F0} = {42CBB236-48B4-4237-8835-28F19DE33E2F}
		{E4B6D530-9F90-4E86-8772-FEF9F583944A} = {42CBB236-48B4-4237-8835-28F19DE33E2F}
		{29B96A05-84A4-40F2-A570-CC7D60BB6A93} = {E44CFE3B-19E0-4AA3-A175-69990A89E04F}
		{BB19F2B2-6B5D-44FF-B2E3-689AD1F59265} = {E44CFE3B-19E0-4AA3-A175-69990A89E04F}
		{88BDAF21-AFDD-4618-91D5-52ED4C2DE446} = {E44CFE3B-19E0-4AA3-A175-69990A89E04F}
		{1B862D61-808E-42B3-A42A-963175591BC9} = {E44CFE3B-19E0-4AA3-A175-69990A89E04F}
		{3CB98247-A6E8-495F-8B9A-4C48463FB08A} = {16202946-152E-4EAF-87BC-322953BCDB6C}
		{D1B46939-B7FE-471B-B9AE-FE35CDF8AD52} = {16202946-152E-4EAF-87BC-322953BCDB6C}
		{46F7937C-282C-49CA-BD5C-3FA402DCDD1A} = {16202946-152E-4EAF-87BC-322953BCDB6C}
		{A8D4AC91-C1E8-4B4D-8C14-3407B933B2EF} = {16202946-152E-4EAF-87BC-322953BCDB6C}
	EndGlobalSection
EndGlobal
